// !$*UTF8*$!
{
	archiveVersion = 1;
	classes = {
	};
	objectVersion = 48;
	objects = {

/* Begin PBXFileReference section */
		776401B8208D82DF0043C343 /* Defaults.h */ = {isa = PBXFileReference; lastKnownFileType = sourcecode.c.h; path = Defaults.h; sourceTree = "<group>"; };
		776401B9208D8ECA0043C343 /* TODO.h */ = {isa = PBXFileReference; lastKnownFileType = sourcecode.c.h; path = TODO.h; sourceTree = "<group>"; };
		776401BA208D91470043C343 /* sandbox.h */ = {isa = PBXFileReference; lastKnownFileType = sourcecode.c.h; path = sandbox.h; sourceTree = "<group>"; };
		776401BB208E26620043C343 /* runsandbox.cpp */ = {isa = PBXFileReference; lastKnownFileType = sourcecode.cpp.cpp; path = runsandbox.cpp; sourceTree = "<group>"; };
/* End PBXFileReference section */

/* Begin PBXGroup section */
		776401B1208D827B0043C343 = {
			isa = PBXGroup;
			children = (
				776401B8208D82DF0043C343 /* Defaults.h */,
				776401B9208D8ECA0043C343 /* TODO.h */,
				776401BB208E26620043C343 /* runsandbox.cpp */,
				776401BA208D91470043C343 /* sandbox.h */,
			);
			sourceTree = "<group>";
		};
/* End PBXGroup section */

/* Begin PBXProject section */
		776401B2208D827B0043C343 /* Project object */ = {
			isa = PBXProject;
			attributes = {
				LastUpgradeCheck = 0900;
			};
			buildConfigurationList = 776401B5208D827B0043C343 /* Build configuration list for PBXProject "myarsandbox" */;
			compatibilityVersion = "Xcode 8.0";
			developmentRegion = en;
			hasScannedForEncodings = 0;
			knownRegions = (
				en,
			);
			mainGroup = 776401B1208D827B0043C343;
			projectDirPath = "";
			projectRoot = "";
			targets = (
			);
		};
/* End PBXProject section */

/* Begin XCBuildConfiguration section */
		776401B6208D827B0043C343 /* Debug */ = {
			isa = XCBuildConfiguration;
			buildSettings = {
			};
			name = Debug;
		};
		776401B7208D827B0043C343 /* Release */ = {
			isa = XCBuildConfiguration;
			buildSettings = {
			};
			name = Release;
		};
/* End XCBuildConfiguration section */

/* Begin XCConfigurationList section */
		776401B5208D827B0043C343 /* Build configuration list for PBXProject "myarsandbox" */ = {
			isa = XCConfigurationList;
			buildConfigurations = (
				776401B6208D827B0043C343 /* Debug */,
				776401B7208D827B0043C343 /* Release */,
			);
			defaultConfigurationIsVisible = 0;
			defaultConfigurationName = Release;
		};
/* End XCConfigurationList section */
	};
	rootObject = 776401B2208D827B0043C343 /* Project object */;
}
